
Microsoft Visual Studio Solution File, Format Version 12.00
# Visual Studio Version 16
VisualStudioVersion = 16.0.29201.188
MinimumVisualStudioVersion = 10.0.40219.1
Project("{F184B08F-C81C-45F6-A57F-5ABD9991F28F}") = "DijstratasShortestPathTownsInEssex", "DijstratasShortestPathTownsInEssex\DijstratasShortestPathTownsInEssex.vbproj", "{0016BD59-79CD-4FCA-8223-82FEA5CF9061}"
EndProject
Global
	GlobalSection(SolutionConfigurationPlatforms) = preSolution
		Debug|Any CPU = Debug|Any CPU
		Release|Any CPU = Release|Any CPU
	EndGlobalSection
	GlobalSection(ProjectConfigurationPlatforms) = postSolution
		{0016BD59-79CD-4FCA-8223-82FEA5CF9061}.Debug|Any CPU.ActiveCfg = Debug|Any CPU
		{0016BD59-79CD-4FCA-8223-82FEA5CF9061}.Debug|Any CPU.Build.0 = Debug|Any CPU
		{0016BD59-79CD-4FCA-8223-82FEA5CF9061}.Release|Any CPU.ActiveCfg = Release|Any CPU
		{0016BD59-79CD-4FCA-8223-82FEA5CF9061}.Release|Any CPU.Build.0 = Release|Any CPU
	EndGlobalSection
	GlobalSection(SolutionProperties) = preSolution
		HideSolutionNode = FALSE
	EndGlobalSection
	GlobalSection(ExtensibilityGlobals) = postSolution
		SolutionGuid = {B3EDFE9C-2C0F-451A-9572-42BAC2CD820B}
	EndGlobalSection
EndGlobal
